// !$*UTF8*$!
{
	archiveVersion = 1;
	classes = {
	};
	objectVersion = 56;
	objects = {

/* Begin PBXBuildFile section */
		E5354E192A5721120049B870 /* animation0App.swift in Sources */ = {isa = PBXBuildFile; fileRef = E5354E182A5721120049B870 /* animation0App.swift */; };
		E5354E1B2A5721120049B870 /* ContentView.swift in Sources */ = {isa = PBXBuildFile; fileRef = E5354E1A2A5721120049B870 /* ContentView.swift */; };
		E5354E1D2A5721130049B870 /* Assets.xcassets in Resources */ = {isa = PBXBuildFile; fileRef = E5354E1C2A5721130049B870 /* Assets.xcassets */; };
		E552DE2B2A3DE32C0079D370 /* cyborg-ninja.mp3 in Resources */ = {isa = PBXBuildFile; fileRef = E552DE2A2A3DE32C0079D370 /* cyborg-ninja.mp3 */; };
		E552DE2D2A3DE3E00079D370 /* explosion.wav in Resources */ = {isa = PBXBuildFile; fileRef = E552DE2C2A3DE3E00079D370 /* explosion.wav */; };
		E552DE2F2A3DE6170079D370 /* Explosion.sks in Resources */ = {isa = PBXBuildFile; fileRef = E552DE2E2A3DE6170079D370 /* Explosion.sks */; };
		E57CFF2C2A3CB4C900E062CE /* SpaceDust.sks in Resources */ = {isa = PBXBuildFile; fileRef = E57CFF2B2A3CB4C900E062CE /* SpaceDust.sks */; };
		E5AD0F702A4DDB8000A14FE2 /* SpriteOneW Watch App.app in Embed Watch Content */ = {isa = PBXBuildFile; fileRef = E5AD0F632A4DDB7F00A14FE2 /* SpriteOneW Watch App.app */; platformFilter = ios; settings = {ATTRIBUTES = (RemoveHeadersOnCopy, ); }; };
		E5AD0F752A4DDBB900A14FE2 /* SpaceDust.sks in Resources */ = {isa = PBXBuildFile; fileRef = E57CFF2B2A3CB4C900E062CE /* SpaceDust.sks */; };
		E5AD0F7A2A4DDE0000A14FE2 /* ContentView.swift in Sources */ = {isa = PBXBuildFile; fileRef = E5E2A9842A3C691200B42961 /* ContentView.swift */; };
		E5AD0F7B2A4DDE0C00A14FE2 /* SpriteOneApp.swift in Sources */ = {isa = PBXBuildFile; fileRef = E5E2A9822A3C691200B42961 /* SpriteOneApp.swift */; };
		E5AD0F7C2A4DDE1200A14FE2 /* Explosion.sks in Resources */ = {isa = PBXBuildFile; fileRef = E552DE2E2A3DE6170079D370 /* Explosion.sks */; };
		E5AD0F7D2A4DDE1900A14FE2 /* cyborg-ninja.mp3 in Resources */ = {isa = PBXBuildFile; fileRef = E552DE2A2A3DE32C0079D370 /* cyborg-ninja.mp3 */; };
		E5AD0F7E2A4DDE1B00A14FE2 /* explosion.wav in Resources */ = {isa = PBXBuildFile; fileRef = E552DE2C2A3DE3E00079D370 /* explosion.wav */; };
		E5AD0F822A4DE2E100A14FE2 /* Assets.xcassets in Resources */ = {isa = PBXBuildFile; fileRef = E5E2A9862A3C691200B42961 /* Assets.xcassets */; };
		E5AD0F852A4E5F3700A14FE2 /* Assets.xcassets in Resources */ = {isa = PBXBuildFile; fileRef = E5E2A9862A3C691200B42961 /* Assets.xcassets */; };
		E5E2A9832A3C691200B42961 /* SpriteOneApp.swift in Sources */ = {isa = PBXBuildFile; fileRef = E5E2A9822A3C691200B42961 /* SpriteOneApp.swift */; };
		E5E2A9852A3C691200B42961 /* ContentView.swift in Sources */ = {isa = PBXBuildFile; fileRef = E5E2A9842A3C691200B42961 /* ContentView.swift */; };
		E5E537882A5EB4820085C417 /* zap.wav in Resources */ = {isa = PBXBuildFile; fileRef = E5E537872A5EB4820085C417 /* zap.wav */; };
		E5E5378A2A5EB4CE0085C417 /* smart-bomb.wav in Resources */ = {isa = PBXBuildFile; fileRef = E5E537892A5EB4CE0085C417 /* smart-bomb.wav */; };
		E5EC6F7B2A5ACFB200DCBD8F /* SpriteTwoApp.swift in Sources */ = {isa = PBXBuildFile; fileRef = E5EC6F7A2A5ACFB200DCBD8F /* SpriteTwoApp.swift */; };
		E5EC6F7D2A5ACFB200DCBD8F /* ContentView.swift in Sources */ = {isa = PBXBuildFile; fileRef = E5EC6F7C2A5ACFB200DCBD8F /* ContentView.swift */; };
		E5EC6F7F2A5ACFB500DCBD8F /* Assets.xcassets in Resources */ = {isa = PBXBuildFile; fileRef = E5EC6F7E2A5ACFB500DCBD8F /* Assets.xcassets */; };
		E5EC6F822A5ACFB500DCBD8F /* Preview Assets.xcassets in Resources */ = {isa = PBXBuildFile; fileRef = E5EC6F812A5ACFB500DCBD8F /* Preview Assets.xcassets */; };
		E5EC6F872A5ACFF100DCBD8F /* GameTwo.swift in Sources */ = {isa = PBXBuildFile; fileRef = E5EC6F862A5ACFF100DCBD8F /* GameTwo.swift */; };
		E5EC6F892A5AE1B300DCBD8F /* correct-1.wav in Resources */ = {isa = PBXBuildFile; fileRef = E5EC6F882A5AE1B300DCBD8F /* correct-1.wav */; };
		E5EC6F8B2A5AE1E900DCBD8F /* wrong-1.wav in Resources */ = {isa = PBXBuildFile; fileRef = E5EC6F8A2A5AE1E800DCBD8F /* wrong-1.wav */; };
		E5EC6F8D2A5AECD200DCBD8F /* truth-in-the-stones.mp3 in Resources */ = {isa = PBXBuildFile; fileRef = E5EC6F8C2A5AECD200DCBD8F /* truth-in-the-stones.mp3 */; };
		E5FFDC6E2A5B9BCE00C9C1DE /* SpriteThreeApp.swift in Sources */ = {isa = PBXBuildFile; fileRef = E5FFDC6D2A5B9BCE00C9C1DE /* SpriteThreeApp.swift */; };
		E5FFDC702A5B9BCE00C9C1DE /* ContentView.swift in Sources */ = {isa = PBXBuildFile; fileRef = E5FFDC6F2A5B9BCE00C9C1DE /* ContentView.swift */; };
		E5FFDC722A5B9BD000C9C1DE /* Assets.xcassets in Resources */ = {isa = PBXBuildFile; fileRef = E5FFDC712A5B9BD000C9C1DE /* Assets.xcassets */; };
		E5FFDC752A5B9BD000C9C1DE /* Preview Assets.xcassets in Resources */ = {isa = PBXBuildFile; fileRef = E5FFDC742A5B9BD000C9C1DE /* Preview Assets.xcassets */; };
		E5FFDC7A2A5B9BDC00C9C1DE /* GameThree.swift in Sources */ = {isa = PBXBuildFile; fileRef = E5FFDC792A5B9BDC00C9C1DE /* GameThree.swift */; };
		E5FFDC7C2A5C236900C9C1DE /* Explosion.sks in Resources */ = {isa = PBXBuildFile; fileRef = E5FFDC7B2A5C236900C9C1DE /* Explosion.sks */; };
		E5FFDC7E2A5C285C00C9C1DE /* score.wav in Resources */ = {isa = PBXBuildFile; fileRef = E5FFDC7D2A5C285C00C9C1DE /* score.wav */; };
		E5FFDC802A5C286B00C9C1DE /* explosion.wav in Resources */ = {isa = PBXBuildFile; fileRef = E5FFDC7F2A5C286B00C9C1DE /* explosion.wav */; };
		E5FFDC822A5C288700C9C1DE /* the-hero.mp3 in Resources */ = {isa = PBXBuildFile; fileRef = E5FFDC812A5C288700C9C1DE /* the-hero.mp3 */; };
		E5FFDC8A2A5D417600C9C1DE /* SpriteFourApp.swift in Sources */ = {isa = PBXBuildFile; fileRef = E5FFDC892A5D417600C9C1DE /* SpriteFourApp.swift */; };
		E5FFDC8C2A5D417600C9C1DE /* ContentView.swift in Sources */ = {isa = PBXBuildFile; fileRef = E5FFDC8B2A5D417600C9C1DE /* ContentView.swift */; };
		E5FFDC8E2A5D417A00C9C1DE /* Assets.xcassets in Resources */ = {isa = PBXBuildFile; fileRef = E5FFDC8D2A5D417A00C9C1DE /* Assets.xcassets */; };
		E5FFDC912A5D417A00C9C1DE /* Preview Assets.xcassets in Resources */ = {isa = PBXBuildFile; fileRef = E5FFDC902A5D417A00C9C1DE /* Preview Assets.xcassets */; };
		E5FFDC962A5D418A00C9C1DE /* GameFour.swift in Sources */ = {isa = PBXBuildFile; fileRef = E5FFDC952A5D418A00C9C1DE /* GameFour.swift */; };
		E5FFDC982A5DA84300C9C1DE /* alien-restaurant.mp3 in Resources */ = {isa = PBXBuildFile; fileRef = E5FFDC972A5DA84300C9C1DE /* alien-restaurant.mp3 */; };
/* End PBXBuildFile section */

/* Begin PBXContainerItemProxy section */
		E5AD0F6E2A4DDB8000A14FE2 /* PBXContainerItemProxy */ = {
			isa = PBXContainerItemProxy;
			containerPortal = E5E2A9772A3C691200B42961 /* Project object */;
			proxyType = 1;
			remoteGlobalIDString = E5AD0F622A4DDB7F00A14FE2;
			remoteInfo = "SpriteOneW Watch App";
		};
/* End PBXContainerItemProxy section */

/* Begin PBXCopyFilesBuildPhase section */
		E5AD0F712A4DDB8000A14FE2 /* Embed Watch Content */ = {
			isa = PBXCopyFilesBuildPhase;
			buildActionMask = 2147483647;
			dstPath = "$(CONTENTS_FOLDER_PATH)/Watch";
			dstSubfolderSpec = 16;
			files = (
				E5AD0F702A4DDB8000A14FE2 /* SpriteOneW Watch App.app in Embed Watch Content */,
			);
			name = "Embed Watch Content";
			runOnlyForDeploymentPostprocessing = 0;
		};
/* End PBXCopyFilesBuildPhase section */

/* Begin PBXFileReference section */
		E5354E162A5721120049B870 /* animation0.app */ = {isa = PBXFileReference; explicitFileType = wrapper.application; includeInIndex = 0; path = animation0.app; sourceTree = BUILT_PRODUCTS_DIR; };
		E5354E182A5721120049B870 /* animation0App.swift */ = {isa = PBXFileReference; lastKnownFileType = sourcecode.swift; path = animation0App.swift; sourceTree = "<group>"; };
		E5354E1A2A5721120049B870 /* ContentView.swift */ = {isa = PBXFileReference; lastKnownFileType = sourcecode.swift; path = ContentView.swift; sourceTree = "<group>"; };
		E5354E1C2A5721130049B870 /* Assets.xcassets */ = {isa = PBXFileReference; lastKnownFileType = folder.assetcatalog; path = Assets.xcassets; sourceTree = "<group>"; };
		E552DE2A2A3DE32C0079D370 /* cyborg-ninja.mp3 */ = {isa = PBXFileReference; lastKnownFileType = audio.mp3; path = "cyborg-ninja.mp3"; sourceTree = "<group>"; };
		E552DE2C2A3DE3E00079D370 /* explosion.wav */ = {isa = PBXFileReference; lastKnownFileType = audio.wav; path = explosion.wav; sourceTree = "<group>"; };
		E552DE2E2A3DE6170079D370 /* Explosion.sks */ = {isa = PBXFileReference; lastKnownFileType = file.sks; path = Explosion.sks; sourceTree = "<group>"; };
		E57CFF2B2A3CB4C900E062CE /* SpaceDust.sks */ = {isa = PBXFileReference; lastKnownFileType = file.sks; path = SpaceDust.sks; sourceTree = "<group>"; };
		E5AD0F632A4DDB7F00A14FE2 /* SpriteOneW Watch App.app */ = {isa = PBXFileReference; explicitFileType = wrapper.application; includeInIndex = 0; path = "SpriteOneW Watch App.app"; sourceTree = BUILT_PRODUCTS_DIR; };
		E5E2A97F2A3C691200B42961 /* SpriteOne.app */ = {isa = PBXFileReference; explicitFileType = wrapper.application; includeInIndex = 0; path = SpriteOne.app; sourceTree = BUILT_PRODUCTS_DIR; };
		E5E2A9822A3C691200B42961 /* SpriteOneApp.swift */ = {isa = PBXFileReference; lastKnownFileType = sourcecode.swift; path = SpriteOneApp.swift; sourceTree = "<group>"; };
		E5E2A9842A3C691200B42961 /* ContentView.swift */ = {isa = PBXFileReference; lastKnownFileType = sourcecode.swift; path = ContentView.swift; sourceTree = "<group>"; };
		E5E2A9862A3C691200B42961 /* Assets.xcassets */ = {isa = PBXFileReference; lastKnownFileType = folder.assetcatalog; path = Assets.xcassets; sourceTree = "<group>"; };
		E5E2A9882A3C691200B42961 /* SpriteOne.entitlements */ = {isa = PBXFileReference; lastKnownFileType = text.plist.entitlements; path = SpriteOne.entitlements; sourceTree = "<group>"; };
		E5E537872A5EB4820085C417 /* zap.wav */ = {isa = PBXFileReference; lastKnownFileType = audio.wav; path = zap.wav; sourceTree = "<group>"; };
		E5E537892A5EB4CE0085C417 /* smart-bomb.wav */ = {isa = PBXFileReference; lastKnownFileType = audio.wav; path = "smart-bomb.wav"; sourceTree = "<group>"; };
		E5EC6F782A5ACFB200DCBD8F /* SpriteTwo.app */ = {isa = PBXFileReference; explicitFileType = wrapper.application; includeInIndex = 0; path = SpriteTwo.app; sourceTree = BUILT_PRODUCTS_DIR; };
		E5EC6F7A2A5ACFB200DCBD8F /* SpriteTwoApp.swift */ = {isa = PBXFileReference; lastKnownFileType = sourcecode.swift; path = SpriteTwoApp.swift; sourceTree = "<group>"; };
		E5EC6F7C2A5ACFB200DCBD8F /* ContentView.swift */ = {isa = PBXFileReference; lastKnownFileType = sourcecode.swift; path = ContentView.swift; sourceTree = "<group>"; };
		E5EC6F7E2A5ACFB500DCBD8F /* Assets.xcassets */ = {isa = PBXFileReference; lastKnownFileType = folder.assetcatalog; path = Assets.xcassets; sourceTree = "<group>"; };
		E5EC6F812A5ACFB500DCBD8F /* Preview Assets.xcassets */ = {isa = PBXFileReference; lastKnownFileType = folder.assetcatalog; path = "Preview Assets.xcassets"; sourceTree = "<group>"; };
		E5EC6F862A5ACFF100DCBD8F /* GameTwo.swift */ = {isa = PBXFileReference; lastKnownFileType = sourcecode.swift; path = GameTwo.swift; sourceTree = "<group>"; };
		E5EC6F882A5AE1B300DCBD8F /* correct-1.wav */ = {isa = PBXFileReference; lastKnownFileType = audio.wav; path = "correct-1.wav"; sourceTree = "<group>"; };
		E5EC6F8A2A5AE1E800DCBD8F /* wrong-1.wav */ = {isa = PBXFileReference; lastKnownFileType = audio.wav; path = "wrong-1.wav"; sourceTree = "<group>"; };
		E5EC6F8C2A5AECD200DCBD8F /* truth-in-the-stones.mp3 */ = {isa = PBXFileReference; lastKnownFileType = audio.mp3; path = "truth-in-the-stones.mp3"; sourceTree = "<group>"; };
		E5FFDC6B2A5B9BCE00C9C1DE /* SpriteThree.app */ = {isa = PBXFileReference; explicitFileType = wrapper.application; includeInIndex = 0; path = SpriteThree.app; sourceTree = BUILT_PRODUCTS_DIR; };
		E5FFDC6D2A5B9BCE00C9C1DE /* SpriteThreeApp.swift */ = {isa = PBXFileReference; lastKnownFileType = sourcecode.swift; path = SpriteThreeApp.swift; sourceTree = "<group>"; };
		E5FFDC6F2A5B9BCE00C9C1DE /* ContentView.swift */ = {isa = PBXFileReference; lastKnownFileType = sourcecode.swift; path = ContentView.swift; sourceTree = "<group>"; };
		E5FFDC712A5B9BD000C9C1DE /* Assets.xcassets */ = {isa = PBXFileReference; lastKnownFileType = folder.assetcatalog; path = Assets.xcassets; sourceTree = "<group>"; };
		E5FFDC742A5B9BD000C9C1DE /* Preview Assets.xcassets */ = {isa = PBXFileReference; lastKnownFileType = folder.assetcatalog; path = "Preview Assets.xcassets"; sourceTree = "<group>"; };
		E5FFDC792A5B9BDC00C9C1DE /* GameThree.swift */ = {isa = PBXFileReference; lastKnownFileType = sourcecode.swift; path = GameThree.swift; sourceTree = "<group>"; };
		E5FFDC7B2A5C236900C9C1DE /* Explosion.sks */ = {isa = PBXFileReference; lastKnownFileType = file.sks; path = Explosion.sks; sourceTree = "<group>"; };
		E5FFDC7D2A5C285C00C9C1DE /* score.wav */ = {isa = PBXFileReference; lastKnownFileType = audio.wav; path = score.wav; sourceTree = "<group>"; };
		E5FFDC7F2A5C286B00C9C1DE /* explosion.wav */ = {isa = PBXFileReference; lastKnownFileType = audio.wav; path = explosion.wav; sourceTree = "<group>"; };
		E5FFDC812A5C288700C9C1DE /* the-hero.mp3 */ = {isa = PBXFileReference; lastKnownFileType = audio.mp3; path = "the-hero.mp3"; sourceTree = "<group>"; };
		E5FFDC872A5D417600C9C1DE /* SpriteFour.app */ = {isa = PBXFileReference; explicitFileType = wrapper.application; includeInIndex = 0; path = SpriteFour.app; sourceTree = BUILT_PRODUCTS_DIR; };
		E5FFDC892A5D417600C9C1DE /* SpriteFourApp.swift */ = {isa = PBXFileReference; lastKnownFileType = sourcecode.swift; path = SpriteFourApp.swift; sourceTree = "<group>"; };
		E5FFDC8B2A5D417600C9C1DE /* ContentView.swift */ = {isa = PBXFileReference; lastKnownFileType = sourcecode.swift; path = ContentView.swift; sourceTree = "<group>"; };
		E5FFDC8D2A5D417A00C9C1DE /* Assets.xcassets */ = {isa = PBXFileReference; lastKnownFileType = folder.assetcatalog; path = Assets.xcassets; sourceTree = "<group>"; };
		E5FFDC902A5D417A00C9C1DE /* Preview Assets.xcassets */ = {isa = PBXFileReference; lastKnownFileType = folder.assetcatalog; path = "Preview Assets.xcassets"; sourceTree = "<group>"; };
		E5FFDC952A5D418A00C9C1DE /* GameFour.swift */ = {isa = PBXFileReference; lastKnownFileType = sourcecode.swift; path = GameFour.swift; sourceTree = "<group>"; };
		E5FFDC972A5DA84300C9C1DE /* alien-restaurant.mp3 */ = {isa = PBXFileReference; lastKnownFileType = audio.mp3; path = "alien-restaurant.mp3"; sourceTree = "<group>"; };
/* End PBXFileReference section */

/* Begin PBXFrameworksBuildPhase section */
		E5354E132A5721120049B870 /* Frameworks */ = {
			isa = PBXFrameworksBuildPhase;
			buildActionMask = 2147483647;
			files = (
			);
			runOnlyForDeploymentPostprocessing = 0;
		};
		E5AD0F602A4DDB7F00A14FE2 /* Frameworks */ = {
			isa = PBXFrameworksBuildPhase;
			buildActionMask = 2147483647;
			files = (
			);
			runOnlyForDeploymentPostprocessing = 0;
		};
		E5E2A97C2A3C691200B42961 /* Frameworks */ = {
			isa = PBXFrameworksBuildPhase;
			buildActionMask = 2147483647;
			files = (
			);
			runOnlyForDeploymentPostprocessing = 0;
		};
		E5EC6F752A5ACFB200DCBD8F /* Frameworks */ = {
			isa = PBXFrameworksBuildPhase;
			buildActionMask = 2147483647;
			files = (
			);
			runOnlyForDeploymentPostprocessing = 0;
		};
		E5FFDC682A5B9BCE00C9C1DE /* Frameworks */ = {
			isa = PBXFrameworksBuildPhase;
			buildActionMask = 2147483647;
			files = (
			);
			runOnlyForDeploymentPostprocessing = 0;
		};
		E5FFDC842A5D417600C9C1DE /* Frameworks */ = {
			isa = PBXFrameworksBuildPhase;
			buildActionMask = 2147483647;
			files = (
			);
			runOnlyForDeploymentPostprocessing = 0;
		};
/* End PBXFrameworksBuildPhase section */

/* Begin PBXGroup section */
		E5354E172A5721120049B870 /* animation0 */ = {
			isa = PBXGroup;
			children = (
				E5354E182A5721120049B870 /* animation0App.swift */,
				E5354E1A2A5721120049B870 /* ContentView.swift */,
				E5354E1C2A5721130049B870 /* Assets.xcassets */,
			);
			path = animation0;
			sourceTree = "<group>";
		};
		E5E2A9762A3C691200B42961 = {
			isa = PBXGroup;
			children = (
				E5E2A9812A3C691200B42961 /* SpriteOne */,
				E5354E172A5721120049B870 /* animation0 */,
				E5EC6F792A5ACFB200DCBD8F /* SpriteTwo */,
				E5FFDC6C2A5B9BCE00C9C1DE /* SpriteThree */,
				E5FFDC882A5D417600C9C1DE /* SpriteFour */,
				E5E2A9802A3C691200B42961 /* Products */,
			);
			sourceTree = "<group>";
		};
		E5E2A9802A3C691200B42961 /* Products */ = {
			isa = PBXGroup;
			children = (
				E5E2A97F2A3C691200B42961 /* SpriteOne.app */,
				E5AD0F632A4DDB7F00A14FE2 /* SpriteOneW Watch App.app */,
				E5354E162A5721120049B870 /* animation0.app */,
				E5EC6F782A5ACFB200DCBD8F /* SpriteTwo.app */,
				E5FFDC6B2A5B9BCE00C9C1DE /* SpriteThree.app */,
				E5FFDC872A5D417600C9C1DE /* SpriteFour.app */,
			);
			name = Products;
			sourceTree = "<group>";
		};
		E5E2A9812A3C691200B42961 /* SpriteOne */ = {
			isa = PBXGroup;
			children = (
				E57CFF2B2A3CB4C900E062CE /* SpaceDust.sks */,
				E5E2A9822A3C691200B42961 /* SpriteOneApp.swift */,
				E5E2A9842A3C691200B42961 /* ContentView.swift */,
				E552DE2E2A3DE6170079D370 /* Explosion.sks */,
				E5E2A9862A3C691200B42961 /* Assets.xcassets */,
				E5E2A9882A3C691200B42961 /* SpriteOne.entitlements */,
				E552DE2A2A3DE32C0079D370 /* cyborg-ninja.mp3 */,
				E552DE2C2A3DE3E00079D370 /* explosion.wav */,
			);
			path = SpriteOne;
			sourceTree = "<group>";
		};
		E5EC6F792A5ACFB200DCBD8F /* SpriteTwo */ = {
			isa = PBXGroup;
			children = (
				E5EC6F7A2A5ACFB200DCBD8F /* SpriteTwoApp.swift */,
				E5EC6F7C2A5ACFB200DCBD8F /* ContentView.swift */,
				E5EC6F862A5ACFF100DCBD8F /* GameTwo.swift */,
				E5EC6F882A5AE1B300DCBD8F /* correct-1.wav */,
				E5EC6F8A2A5AE1E800DCBD8F /* wrong-1.wav */,
				E5EC6F7E2A5ACFB500DCBD8F /* Assets.xcassets */,
				E5EC6F8C2A5AECD200DCBD8F /* truth-in-the-stones.mp3 */,
				E5EC6F802A5ACFB500DCBD8F /* Preview Content */,
			);
			path = SpriteTwo;
			sourceTree = "<group>";
		};
		E5EC6F802A5ACFB500DCBD8F /* Preview Content */ = {
			isa = PBXGroup;
			children = (
				E5EC6F812A5ACFB500DCBD8F /* Preview Assets.xcassets */,
			);
			path = "Preview Content";
			sourceTree = "<group>";
		};
		E5FFDC6C2A5B9BCE00C9C1DE /* SpriteThree */ = {
			isa = PBXGroup;
			children = (
				E5FFDC6D2A5B9BCE00C9C1DE /* SpriteThreeApp.swift */,
				E5FFDC6F2A5B9BCE00C9C1DE /* ContentView.swift */,
				E5FFDC792A5B9BDC00C9C1DE /* GameThree.swift */,
				E5FFDC7B2A5C236900C9C1DE /* Explosion.sks */,
				E5FFDC712A5B9BD000C9C1DE /* Assets.xcassets */,
				E5FFDC7D2A5C285C00C9C1DE /* score.wav */,
				E5FFDC7F2A5C286B00C9C1DE /* explosion.wav */,
				E5FFDC812A5C288700C9C1DE /* the-hero.mp3 */,
				E5FFDC732A5B9BD000C9C1DE /* Preview Content */,
			);
			path = SpriteThree;
			sourceTree = "<group>";
		};
		E5FFDC732A5B9BD000C9C1DE /* Preview Content */ = {
			isa = PBXGroup;
			children = (
				E5FFDC742A5B9BD000C9C1DE /* Preview Assets.xcassets */,
			);
			path = "Preview Content";
			sourceTree = "<group>";
		};
		E5FFDC882A5D417600C9C1DE /* SpriteFour */ = {
			isa = PBXGroup;
			children = (
				E5FFDC892A5D417600C9C1DE /* SpriteFourApp.swift */,
				E5FFDC8B2A5D417600C9C1DE /* ContentView.swift */,
				E5FFDC952A5D418A00C9C1DE /* GameFour.swift */,
				E5FFDC8D2A5D417A00C9C1DE /* Assets.xcassets */,
				E5E537892A5EB4CE0085C417 /* smart-bomb.wav */,
				E5E537872A5EB4820085C417 /* zap.wav */,
				E5FFDC972A5DA84300C9C1DE /* alien-restaurant.mp3 */,
				E5FFDC8F2A5D417A00C9C1DE /* Preview Content */,
			);
			path = SpriteFour;
			sourceTree = "<group>";
		};
		E5FFDC8F2A5D417A00C9C1DE /* Preview Content */ = {
			isa = PBXGroup;
			children = (
				E5FFDC902A5D417A00C9C1DE /* Preview Assets.xcassets */,
			);
			path = "Preview Content";
			sourceTree = "<group>";
		};
/* End PBXGroup section */

/* Begin PBXNativeTarget section */
		E5354E152A5721120049B870 /* animation0 */ = {
			isa = PBXNativeTarget;
			buildConfigurationList = E5354E232A5721130049B870 /* Build configuration list for PBXNativeTarget "animation0" */;
			buildPhases = (
				E5354E122A5721120049B870 /* Sources */,
				E5354E132A5721120049B870 /* Frameworks */,
				E5354E142A5721120049B870 /* Resources */,
			);
			buildRules = (
			);
			dependencies = (
			);
			name = animation0;
			productName = animation0;
			productReference = E5354E162A5721120049B870 /* animation0.app */;
			productType = "com.apple.product-type.application";
		};
		E5AD0F622A4DDB7F00A14FE2 /* SpriteOneW Watch App */ = {
			isa = PBXNativeTarget;
			buildConfigurationList = E5AD0F742A4DDB8000A14FE2 /* Build configuration list for PBXNativeTarget "SpriteOneW Watch App" */;
			buildPhases = (
				E5AD0F5F2A4DDB7F00A14FE2 /* Sources */,
				E5AD0F602A4DDB7F00A14FE2 /* Frameworks */,
				E5AD0F612A4DDB7F00A14FE2 /* Resources */,
			);
			buildRules = (
			);
			dependencies = (
			);
			name = "SpriteOneW Watch App";
			productName = "SpriteOneW Watch App";
			productReference = E5AD0F632A4DDB7F00A14FE2 /* SpriteOneW Watch App.app */;
			productType = "com.apple.product-type.application";
		};
		E5E2A97E2A3C691200B42961 /* SpriteOne */ = {
			isa = PBXNativeTarget;
			buildConfigurationList = E5E2A98E2A3C691200B42961 /* Build configuration list for PBXNativeTarget "SpriteOne" */;
			buildPhases = (
				E5E2A97B2A3C691200B42961 /* Sources */,
				E5E2A97C2A3C691200B42961 /* Frameworks */,
				E5E2A97D2A3C691200B42961 /* Resources */,
				E5AD0F712A4DDB8000A14FE2 /* Embed Watch Content */,
			);
			buildRules = (
			);
			dependencies = (
				E5AD0F6F2A4DDB8000A14FE2 /* PBXTargetDependency */,
			);
			name = SpriteOne;
			productName = SpriteOne;
			productReference = E5E2A97F2A3C691200B42961 /* SpriteOne.app */;
			productType = "com.apple.product-type.application";
		};
		E5EC6F772A5ACFB200DCBD8F /* SpriteTwo */ = {
			isa = PBXNativeTarget;
			buildConfigurationList = E5EC6F852A5ACFB500DCBD8F /* Build configuration list for PBXNativeTarget "SpriteTwo" */;
			buildPhases = (
				E5EC6F742A5ACFB200DCBD8F /* Sources */,
				E5EC6F752A5ACFB200DCBD8F /* Frameworks */,
				E5EC6F762A5ACFB200DCBD8F /* Resources */,
			);
			buildRules = (
			);
			dependencies = (
			);
			name = SpriteTwo;
			productName = SpriteTwo;
			productReference = E5EC6F782A5ACFB200DCBD8F /* SpriteTwo.app */;
			productType = "com.apple.product-type.application";
		};
		E5FFDC6A2A5B9BCE00C9C1DE /* SpriteThree */ = {
			isa = PBXNativeTarget;
			buildConfigurationList = E5FFDC782A5B9BD000C9C1DE /* Build configuration list for PBXNativeTarget "SpriteThree" */;
			buildPhases = (
				E5FFDC672A5B9BCE00C9C1DE /* Sources */,
				E5FFDC682A5B9BCE00C9C1DE /* Frameworks */,
				E5FFDC692A5B9BCE00C9C1DE /* Resources */,
			);
			buildRules = (
			);
			dependencies = (
			);
			name = SpriteThree;
			productName = SpriteThree;
			productReference = E5FFDC6B2A5B9BCE00C9C1DE /* SpriteThree.app */;
			productType = "com.apple.product-type.application";
		};
		E5FFDC862A5D417600C9C1DE /* SpriteFour */ = {
			isa = PBXNativeTarget;
			buildConfigurationList = E5FFDC922A5D417A00C9C1DE /* Build configuration list for PBXNativeTarget "SpriteFour" */;
			buildPhases = (
				E5FFDC832A5D417600C9C1DE /* Sources */,
				E5FFDC842A5D417600C9C1DE /* Frameworks */,
				E5FFDC852A5D417600C9C1DE /* Resources */,
			);
			buildRules = (
			);
			dependencies = (
			);
			name = SpriteFour;
			productName = SpriteFour;
			productReference = E5FFDC872A5D417600C9C1DE /* SpriteFour.app */;
			productType = "com.apple.product-type.application";
		};
/* End PBXNativeTarget section */

/* Begin PBXProject section */
		E5E2A9772A3C691200B42961 /* Project object */ = {
			isa = PBXProject;
			attributes = {
				BuildIndependentTargetsInParallel = 1;
				LastSwiftUpdateCheck = 1500;
				LastUpgradeCheck = 1500;
				TargetAttributes = {
					E5354E152A5721120049B870 = {
						CreatedOnToolsVersion = 15.0;
					};
					E5AD0F622A4DDB7F00A14FE2 = {
						CreatedOnToolsVersion = 15.0;
					};
					E5E2A97E2A3C691200B42961 = {
						CreatedOnToolsVersion = 15.0;
					};
					E5EC6F772A5ACFB200DCBD8F = {
						CreatedOnToolsVersion = 15.0;
					};
					E5FFDC6A2A5B9BCE00C9C1DE = {
						CreatedOnToolsVersion = 15.0;
					};
					E5FFDC862A5D417600C9C1DE = {
						CreatedOnToolsVersion = 15.0;
					};
				};
			};
			buildConfigurationList = E5E2A97A2A3C691200B42961 /* Build configuration list for PBXProject "SpriteOne" */;
			compatibilityVersion = "Xcode 14.0";
			developmentRegion = en;
			hasScannedForEncodings = 0;
			knownRegions = (
				en,
				Base,
			);
			mainGroup = E5E2A9762A3C691200B42961;
			productRefGroup = E5E2A9802A3C691200B42961 /* Products */;
			projectDirPath = "";
			projectRoot = "";
			targets = (
				E5E2A97E2A3C691200B42961 /* SpriteOne */,
				E5AD0F622A4DDB7F00A14FE2 /* SpriteOneW Watch App */,
				E5354E152A5721120049B870 /* animation0 */,
				E5EC6F772A5ACFB200DCBD8F /* SpriteTwo */,
				E5FFDC6A2A5B9BCE00C9C1DE /* SpriteThree */,
				E5FFDC862A5D417600C9C1DE /* SpriteFour */,
			);
		};
/* End PBXProject section */

/* Begin PBXResourcesBuildPhase section */
		E5354E142A5721120049B870 /* Resources */ = {
			isa = PBXResourcesBuildPhase;
			buildActionMask = 2147483647;
			files = (
				E5354E1D2A5721130049B870 /* Assets.xcassets in Resources */,
			);
			runOnlyForDeploymentPostprocessing = 0;
		};
		E5AD0F612A4DDB7F00A14FE2 /* Resources */ = {
			isa = PBXResourcesBuildPhase;
			buildActionMask = 2147483647;
			files = (
				E5AD0F7E2A4DDE1B00A14FE2 /* explosion.wav in Resources */,
				E5AD0F7C2A4DDE1200A14FE2 /* Explosion.sks in Resources */,
				E5AD0F852A4E5F3700A14FE2 /* Assets.xcassets in Resources */,
				E5AD0F752A4DDBB900A14FE2 /* SpaceDust.sks in Resources */,
				E5AD0F7D2A4DDE1900A14FE2 /* cyborg-ninja.mp3 in Resources */,
			);
			runOnlyForDeploymentPostprocessing = 0;
		};
		E5E2A97D2A3C691200B42961 /* Resources */ = {
			isa = PBXResourcesBuildPhase;
			buildActionMask = 2147483647;
			files = (
				E57CFF2C2A3CB4C900E062CE /* SpaceDust.sks in Resources */,
				E552DE2B2A3DE32C0079D370 /* cyborg-ninja.mp3 in Resources */,
				E552DE2F2A3DE6170079D370 /* Explosion.sks in Resources */,
				E552DE2D2A3DE3E00079D370 /* explosion.wav in Resources */,
				E5AD0F822A4DE2E100A14FE2 /* Assets.xcassets in Resources */,
			);
			runOnlyForDeploymentPostprocessing = 0;
		};
		E5EC6F762A5ACFB200DCBD8F /* Resources */ = {
			isa = PBXResourcesBuildPhase;
			buildActionMask = 2147483647;
			files = (
				E5EC6F892A5AE1B300DCBD8F /* correct-1.wav in Resources */,
				E5EC6F822A5ACFB500DCBD8F /* Preview Assets.xcassets in Resources */,
				E5EC6F8D2A5AECD200DCBD8F /* truth-in-the-stones.mp3 in Resources */,
				E5EC6F8B2A5AE1E900DCBD8F /* wrong-1.wav in Resources */,
				E5EC6F7F2A5ACFB500DCBD8F /* Assets.xcassets in Resources */,
			);
			runOnlyForDeploymentPostprocessing = 0;
		};
		E5FFDC692A5B9BCE00C9C1DE /* Resources */ = {
			isa = PBXResourcesBuildPhase;
			buildActionMask = 2147483647;
			files = (
				E5FFDC802A5C286B00C9C1DE /* explosion.wav in Resources */,
				E5FFDC752A5B9BD000C9C1DE /* Preview Assets.xcassets in Resources */,
				E5FFDC7E2A5C285C00C9C1DE /* score.wav in Resources */,
				E5FFDC722A5B9BD000C9C1DE /* Assets.xcassets in Resources */,
				E5FFDC822A5C288700C9C1DE /* the-hero.mp3 in Resources */,
				E5FFDC7C2A5C236900C9C1DE /* Explosion.sks in Resources */,
			);
			runOnlyForDeploymentPostprocessing = 0;
		};
		E5FFDC852A5D417600C9C1DE /* Resources */ = {
			isa = PBXResourcesBuildPhase;
			buildActionMask = 2147483647;
			files = (
				E5FFDC912A5D417A00C9C1DE /* Preview Assets.xcassets in Resources */,
				E5E5378A2A5EB4CE0085C417 /* smart-bomb.wav in Resources */,
				E5FFDC8E2A5D417A00C9C1DE /* Assets.xcassets in Resources */,
				E5E537882A5EB4820085C417 /* zap.wav in Resources */,
				E5FFDC982A5DA84300C9C1DE /* alien-restaurant.mp3 in Resources */,
			);
			runOnlyForDeploymentPostprocessing = 0;
		};
/* End PBXResourcesBuildPhase section */

/* Begin PBXSourcesBuildPhase section */
		E5354E122A5721120049B870 /* Sources */ = {
			isa = PBXSourcesBuildPhase;
			buildActionMask = 2147483647;
			files = (
				E5354E1B2A5721120049B870 /* ContentView.swift in Sources */,
				E5354E192A5721120049B870 /* animation0App.swift in Sources */,
			);
			runOnlyForDeploymentPostprocessing = 0;
		};
		E5AD0F5F2A4DDB7F00A14FE2 /* Sources */ = {
			isa = PBXSourcesBuildPhase;
			buildActionMask = 2147483647;
			files = (
				E5AD0F7A2A4DDE0000A14FE2 /* ContentView.swift in Sources */,
				E5AD0F7B2A4DDE0C00A14FE2 /* SpriteOneApp.swift in Sources */,
			);
			runOnlyForDeploymentPostprocessing = 0;
		};
		E5E2A97B2A3C691200B42961 /* Sources */ = {
			isa = PBXSourcesBuildPhase;
			buildActionMask = 2147483647;
			files = (
				E5E2A9852A3C691200B42961 /* ContentView.swift in Sources */,
				E5E2A9832A3C691200B42961 /* SpriteOneApp.swift in Sources */,
			);
			runOnlyForDeploymentPostprocessing = 0;
		};
		E5EC6F742A5ACFB200DCBD8F /* Sources */ = {
			isa = PBXSourcesBuildPhase;
			buildActionMask = 2147483647;
			files = (
				E5EC6F7D2A5ACFB200DCBD8F /* ContentView.swift in Sources */,
				E5EC6F872A5ACFF100DCBD8F /* GameTwo.swift in Sources */,
				E5EC6F7B2A5ACFB200DCBD8F /* SpriteTwoApp.swift in Sources */,
			);
			runOnlyForDeploymentPostprocessing = 0;
		};
		E5FFDC672A5B9BCE00C9C1DE /* Sources */ = {
			isa = PBXSourcesBuildPhase;
			buildActionMask = 2147483647;
			files = (
				E5FFDC7A2A5B9BDC00C9C1DE /* GameThree.swift in Sources */,
				E5FFDC702A5B9BCE00C9C1DE /* ContentView.swift in Sources */,
				E5FFDC6E2A5B9BCE00C9C1DE /* SpriteThreeApp.swift in Sources */,
			);
			runOnlyForDeploymentPostprocessing = 0;
		};
		E5FFDC832A5D417600C9C1DE /* Sources */ = {
			isa = PBXSourcesBuildPhase;
			buildActionMask = 2147483647;
			files = (
				E5FFDC962A5D418A00C9C1DE /* GameFour.swift in Sources */,
				E5FFDC8C2A5D417600C9C1DE /* ContentView.swift in Sources */,
				E5FFDC8A2A5D417600C9C1DE /* SpriteFourApp.swift in Sources */,
			);
			runOnlyForDeploymentPostprocessing = 0;
		};
/* End PBXSourcesBuildPhase section */

/* Begin PBXTargetDependency section */
		E5AD0F6F2A4DDB8000A14FE2 /* PBXTargetDependency */ = {
			isa = PBXTargetDependency;
			platformFilter = ios;
			target = E5AD0F622A4DDB7F00A14FE2 /* SpriteOneW Watch App */;
			targetProxy = E5AD0F6E2A4DDB8000A14FE2 /* PBXContainerItemProxy */;
		};
/* End PBXTargetDependency section */

/* Begin XCBuildConfiguration section */
		E5354E212A5721130049B870 /* Debug */ = {
			isa = XCBuildConfiguration;
			buildSettings = {
				ASSETCATALOG_COMPILER_APPICON_NAME = AppIcon;
				ASSETCATALOG_COMPILER_GLOBAL_ACCENT_COLOR_NAME = AccentColor;
				CODE_SIGN_STYLE = Automatic;
				CURRENT_PROJECT_VERSION = 1;
				DEVELOPMENT_TEAM = UCV96WLDG4;
				ENABLE_PREVIEWS = YES;
				GENERATE_INFOPLIST_FILE = YES;
				INFOPLIST_KEY_UIApplicationSceneManifest_Generation = YES;
				INFOPLIST_KEY_UIApplicationSupportsIndirectInputEvents = YES;
				INFOPLIST_KEY_UILaunchScreen_Generation = YES;
				INFOPLIST_KEY_UISupportedInterfaceOrientations_iPad = "UIInterfaceOrientationPortrait UIInterfaceOrientationPortraitUpsideDown UIInterfaceOrientationLandscapeLeft UIInterfaceOrientationLandscapeRight";
				INFOPLIST_KEY_UISupportedInterfaceOrientations_iPhone = "UIInterfaceOrientationPortrait UIInterfaceOrientationLandscapeLeft UIInterfaceOrientationLandscapeRight";
				IPHONEOS_DEPLOYMENT_TARGET = 17.0;
				LD_RUNPATH_SEARCH_PATHS = (
					"$(inherited)",
					"@executable_path/Frameworks",
				);
				MARKETING_VERSION = 1.0;
				PRODUCT_BUNDLE_IDENTIFIER = top.mightycounty.animation0;
				PRODUCT_NAME = "$(TARGET_NAME)";
				SDKROOT = iphoneos;
				SWIFT_EMIT_LOC_STRINGS = YES;
				SWIFT_VERSION = 5.0;
				TARGETED_DEVICE_FAMILY = "1,2";
			};
			name = Debug;
		};
		E5354E222A5721130049B870 /* Release */ = {
			isa = XCBuildConfiguration;
			buildSettings = {
				ASSETCATALOG_COMPILER_APPICON_NAME = AppIcon;
				ASSETCATALOG_COMPILER_GLOBAL_ACCENT_COLOR_NAME = AccentColor;
				CODE_SIGN_STYLE = Automatic;
				CURRENT_PROJECT_VERSION = 1;
				DEVELOPMENT_TEAM = UCV96WLDG4;
				ENABLE_PREVIEWS = YES;
				GENERATE_INFOPLIST_FILE = YES;
				INFOPLIST_KEY_UIApplicationSceneManifest_Generation = YES;
				INFOPLIST_KEY_UIApplicationSupportsIndirectInputEvents = YES;
				INFOPLIST_KEY_UILaunchScreen_Generation = YES;
				INFOPLIST_KEY_UISupportedInterfaceOrientations_iPad = "UIInterfaceOrientationPortrait UIInterfaceOrientationPortraitUpsideDown UIInterfaceOrientationLandscapeLeft UIInterfaceOrientationLandscapeRight";
				INFOPLIST_KEY_UISupportedInterfaceOrientations_iPhone = "UIInterfaceOrientationPortrait UIInterfaceOrientationLandscapeLeft UIInterfaceOrientationLandscapeRight";
				IPHONEOS_DEPLOYMENT_TARGET = 17.0;
				LD_RUNPATH_SEARCH_PATHS = (
					"$(inherited)",
					"@executable_path/Frameworks",
				);
				MARKETING_VERSION = 1.0;
				PRODUCT_BUNDLE_IDENTIFIER = top.mightycounty.animation0;
				PRODUCT_NAME = "$(TARGET_NAME)";
				SDKROOT = iphoneos;
				SWIFT_EMIT_LOC_STRINGS = YES;
				SWIFT_VERSION = 5.0;
				TARGETED_DEVICE_FAMILY = "1,2";
				VALIDATE_PRODUCT = YES;
			};
			name = Release;
		};
		E5AD0F722A4DDB8000A14FE2 /* Debug */ = {
			isa = XCBuildConfiguration;
			buildSettings = {
				ASSETCATALOG_COMPILER_APPICON_NAME = AppIconW;
				ASSETCATALOG_COMPILER_GLOBAL_ACCENT_COLOR_NAME = AccentColor;
				ASSETCATALOG_COMPILER_INCLUDE_ALL_APPICON_ASSETS = YES;
				CODE_SIGN_IDENTITY = "Apple Development";
				CODE_SIGN_STYLE = Automatic;
				CURRENT_PROJECT_VERSION = 1;
				DEVELOPMENT_TEAM = UCV96WLDG4;
				ENABLE_PREVIEWS = YES;
				GENERATE_INFOPLIST_FILE = YES;
				INFOPLIST_KEY_CFBundleDisplayName = SpriteOneW;
				INFOPLIST_KEY_UISupportedInterfaceOrientations = "UIInterfaceOrientationPortrait UIInterfaceOrientationPortraitUpsideDown";
				INFOPLIST_KEY_WKCompanionAppBundleIdentifier = top.mightycounty.SpriteOne;
				INFOPLIST_KEY_WKRunsIndependentlyOfCompanionApp = YES;
				LD_RUNPATH_SEARCH_PATHS = (
					"$(inherited)",
					"@executable_path/Frameworks",
				);
				MARKETING_VERSION = 1.0;
				PRODUCT_BUNDLE_IDENTIFIER = top.mightycounty.SpriteOne.watchkitapp;
				PRODUCT_NAME = "$(TARGET_NAME)";
				SDKROOT = watchos;
				SKIP_INSTALL = YES;
				SWIFT_EMIT_LOC_STRINGS = YES;
				SWIFT_VERSION = 5.0;
				TARGETED_DEVICE_FAMILY = 4;
				WATCHOS_DEPLOYMENT_TARGET = 10.0;
			};
			name = Debug;
		};
		E5AD0F732A4DDB8000A14FE2 /* Release */ = {
			isa = XCBuildConfiguration;
			buildSettings = {
				ASSETCATALOG_COMPILER_APPICON_NAME = AppIconW;
				ASSETCATALOG_COMPILER_GLOBAL_ACCENT_COLOR_NAME = AccentColor;
				ASSETCATALOG_COMPILER_INCLUDE_ALL_APPICON_ASSETS = YES;
				CODE_SIGN_IDENTITY = "Apple Development";
				CODE_SIGN_STYLE = Automatic;
				CURRENT_PROJECT_VERSION = 1;
				DEVELOPMENT_TEAM = UCV96WLDG4;
				ENABLE_PREVIEWS = YES;
				GENERATE_INFOPLIST_FILE = YES;
				INFOPLIST_KEY_CFBundleDisplayName = SpriteOneW;
				INFOPLIST_KEY_UISupportedInterfaceOrientations = "UIInterfaceOrientationPortrait UIInterfaceOrientationPortraitUpsideDown";
				INFOPLIST_KEY_WKCompanionAppBundleIdentifier = top.mightycounty.SpriteOne;
				INFOPLIST_KEY_WKRunsIndependentlyOfCompanionApp = YES;
				LD_RUNPATH_SEARCH_PATHS = (
					"$(inherited)",
					"@executable_path/Frameworks",
				);
				MARKETING_VERSION = 1.0;
				PRODUCT_BUNDLE_IDENTIFIER = top.mightycounty.SpriteOne.watchkitapp;
				PRODUCT_NAME = "$(TARGET_NAME)";
				SDKROOT = watchos;
				SKIP_INSTALL = YES;
				SWIFT_EMIT_LOC_STRINGS = YES;
				SWIFT_VERSION = 5.0;
				TARGETED_DEVICE_FAMILY = 4;
				VALIDATE_PRODUCT = YES;
				WATCHOS_DEPLOYMENT_TARGET = 10.0;
			};
			name = Release;
		};
		E5E2A98C2A3C691200B42961 /* Debug */ = {
			isa = XCBuildConfiguration;
			buildSettings = {
				ALWAYS_SEARCH_USER_PATHS = NO;
				ASSETCATALOG_COMPILER_GENERATE_SWIFT_ASSET_SYMBOL_EXTENSIONS = YES;
				CLANG_ANALYZER_NONNULL = YES;
				CLANG_ANALYZER_NUMBER_OBJECT_CONVERSION = YES_AGGRESSIVE;
				CLANG_CXX_LANGUAGE_STANDARD = "gnu++20";
				CLANG_ENABLE_MODULES = YES;
				CLANG_ENABLE_OBJC_ARC = YES;
				CLANG_ENABLE_OBJC_WEAK = YES;
				CLANG_WARN_BLOCK_CAPTURE_AUTORELEASING = YES;
				CLANG_WARN_BOOL_CONVERSION = YES;
				CLANG_WARN_COMMA = YES;
				CLANG_WARN_CONSTANT_CONVERSION = YES;
				CLANG_WARN_DEPRECATED_OBJC_IMPLEMENTATIONS = YES;
				CLANG_WARN_DIRECT_OBJC_ISA_USAGE = YES_ERROR;
				CLANG_WARN_DOCUMENTATION_COMMENTS = YES;
				CLANG_WARN_EMPTY_BODY = YES;
				CLANG_WARN_ENUM_CONVERSION = YES;
				CLANG_WARN_INFINITE_RECURSION = YES;
				CLANG_WARN_INT_CONVERSION = YES;
				CLANG_WARN_NON_LITERAL_NULL_CONVERSION = YES;
				CLANG_WARN_OBJC_IMPLICIT_RETAIN_SELF = YES;
				CLANG_WARN_OBJC_LITERAL_CONVERSION = YES;
				CLANG_WARN_OBJC_ROOT_CLASS = YES_ERROR;
				CLANG_WARN_QUOTED_INCLUDE_IN_FRAMEWORK_HEADER = YES;
				CLANG_WARN_RANGE_LOOP_ANALYSIS = YES;
				CLANG_WARN_STRICT_PROTOTYPES = YES;
				CLANG_WARN_SUSPICIOUS_MOVE = YES;
				CLANG_WARN_UNGUARDED_AVAILABILITY = YES_AGGRESSIVE;
				CLANG_WARN_UNREACHABLE_CODE = YES;
				CLANG_WARN__DUPLICATE_METHOD_MATCH = YES;
				COPY_PHASE_STRIP = NO;
				DEBUG_INFORMATION_FORMAT = dwarf;
				ENABLE_STRICT_OBJC_MSGSEND = YES;
				ENABLE_TESTABILITY = YES;
				ENABLE_USER_SCRIPT_SANDBOXING = YES;
				GCC_C_LANGUAGE_STANDARD = gnu17;
				GCC_DYNAMIC_NO_PIC = NO;
				GCC_NO_COMMON_BLOCKS = YES;
				GCC_OPTIMIZATION_LEVEL = 0;
				GCC_PREPROCESSOR_DEFINITIONS = (
					"DEBUG=1",
					"$(inherited)",
				);
				GCC_WARN_64_TO_32_BIT_CONVERSION = YES;
				GCC_WARN_ABOUT_RETURN_TYPE = YES_ERROR;
				GCC_WARN_UNDECLARED_SELECTOR = YES;
				GCC_WARN_UNINITIALIZED_AUTOS = YES_AGGRESSIVE;
				GCC_WARN_UNUSED_FUNCTION = YES;
				GCC_WARN_UNUSED_VARIABLE = YES;
				LOCALIZATION_PREFERS_STRING_CATALOGS = YES;
				MTL_ENABLE_DEBUG_INFO = INCLUDE_SOURCE;
				MTL_FAST_MATH = YES;
				ONLY_ACTIVE_ARCH = YES;
				SWIFT_ACTIVE_COMPILATION_CONDITIONS = "DEBUG $(inherited)";
				SWIFT_OPTIMIZATION_LEVEL = "-Onone";
			};
			name = Debug;
		};
		E5E2A98D2A3C691200B42961 /* Release */ = {
			isa = XCBuildConfiguration;
			buildSettings = {
				ALWAYS_SEARCH_USER_PATHS = NO;
				ASSETCATALOG_COMPILER_GENERATE_SWIFT_ASSET_SYMBOL_EXTENSIONS = YES;
				CLANG_ANALYZER_NONNULL = YES;
				CLANG_ANALYZER_NUMBER_OBJECT_CONVERSION = YES_AGGRESSIVE;
				CLANG_CXX_LANGUAGE_STANDARD = "gnu++20";
				CLANG_ENABLE_MODULES = YES;
				CLANG_ENABLE_OBJC_ARC = YES;
				CLANG_ENABLE_OBJC_WEAK = YES;
				CLANG_WARN_BLOCK_CAPTURE_AUTORELEASING = YES;
				CLANG_WARN_BOOL_CONVERSION = YES;
				CLANG_WARN_COMMA = YES;
				CLANG_WARN_CONSTANT_CONVERSION = YES;
				CLANG_WARN_DEPRECATED_OBJC_IMPLEMENTATIONS = YES;
				CLANG_WARN_DIRECT_OBJC_ISA_USAGE = YES_ERROR;
				CLANG_WARN_DOCUMENTATION_COMMENTS = YES;
				CLANG_WARN_EMPTY_BODY = YES;
				CLANG_WARN_ENUM_CONVERSION = YES;
				CLANG_WARN_INFINITE_RECURSION = YES;
				CLANG_WARN_INT_CONVERSION = YES;
				CLANG_WARN_NON_LITERAL_NULL_CONVERSION = YES;
				CLANG_WARN_OBJC_IMPLICIT_RETAIN_SELF = YES;
				CLANG_WARN_OBJC_LITERAL_CONVERSION = YES;
				CLANG_WARN_OBJC_ROOT_CLASS = YES_ERROR;
				CLANG_WARN_QUOTED_INCLUDE_IN_FRAMEWORK_HEADER = YES;
				CLANG_WARN_RANGE_LOOP_ANALYSIS = YES;
				CLANG_WARN_STRICT_PROTOTYPES = YES;
				CLANG_WARN_SUSPICIOUS_MOVE = YES;
				CLANG_WARN_UNGUARDED_AVAILABILITY = YES_AGGRESSIVE;
				CLANG_WARN_UNREACHABLE_CODE = YES;
				CLANG_WARN__DUPLICATE_METHOD_MATCH = YES;
				COPY_PHASE_STRIP = NO;
				DEBUG_INFORMATION_FORMAT = "dwarf-with-dsym";
				ENABLE_NS_ASSERTIONS = NO;
				ENABLE_STRICT_OBJC_MSGSEND = YES;
				ENABLE_USER_SCRIPT_SANDBOXING = YES;
				GCC_C_LANGUAGE_STANDARD = gnu17;
				GCC_NO_COMMON_BLOCKS = YES;
				GCC_WARN_64_TO_32_BIT_CONVERSION = YES;
				GCC_WARN_ABOUT_RETURN_TYPE = YES_ERROR;
				GCC_WARN_UNDECLARED_SELECTOR = YES;
				GCC_WARN_UNINITIALIZED_AUTOS = YES_AGGRESSIVE;
				GCC_WARN_UNUSED_FUNCTION = YES;
				GCC_WARN_UNUSED_VARIABLE = YES;
				LOCALIZATION_PREFERS_STRING_CATALOGS = YES;
				MTL_ENABLE_DEBUG_INFO = NO;
				MTL_FAST_MATH = YES;
				SWIFT_COMPILATION_MODE = wholemodule;
			};
			name = Release;
		};
		E5E2A98F2A3C691200B42961 /* Debug */ = {
			isa = XCBuildConfiguration;
			buildSettings = {
				ALWAYS_EMBED_SWIFT_STANDARD_LIBRARIES = YES;
				ASSETCATALOG_COMPILER_APPICON_NAME = AppIcon;
				ASSETCATALOG_COMPILER_GLOBAL_ACCENT_COLOR_NAME = AccentColor;
				ASSETCATALOG_COMPILER_INCLUDE_ALL_APPICON_ASSETS = NO;
				CODE_SIGN_ENTITLEMENTS = SpriteOne/SpriteOne.entitlements;
				CODE_SIGN_IDENTITY = "Apple Development";
				CODE_SIGN_STYLE = Automatic;
				CURRENT_PROJECT_VERSION = 1;
				DEVELOPMENT_TEAM = UCV96WLDG4;
				ENABLE_HARDENED_RUNTIME = YES;
				ENABLE_PREVIEWS = YES;
				GENERATE_INFOPLIST_FILE = YES;
				INFOPLIST_KEY_CFBundleDisplayName = SpriteOne;
				INFOPLIST_KEY_LSApplicationCategoryType = "public.app-category.kids-games";
				"INFOPLIST_KEY_UIApplicationSceneManifest_Generation[sdk=iphoneos*]" = YES;
				"INFOPLIST_KEY_UIApplicationSceneManifest_Generation[sdk=iphonesimulator*]" = YES;
				"INFOPLIST_KEY_UIApplicationSupportsIndirectInputEvents[sdk=iphoneos*]" = YES;
				"INFOPLIST_KEY_UIApplicationSupportsIndirectInputEvents[sdk=iphonesimulator*]" = YES;
				"INFOPLIST_KEY_UILaunchScreen_Generation[sdk=iphoneos*]" = YES;
				"INFOPLIST_KEY_UILaunchScreen_Generation[sdk=iphonesimulator*]" = YES;
				INFOPLIST_KEY_UIRequiresFullScreen = YES;
				"INFOPLIST_KEY_UIStatusBarStyle[sdk=iphoneos*]" = UIStatusBarStyleDefault;
				"INFOPLIST_KEY_UIStatusBarStyle[sdk=iphonesimulator*]" = UIStatusBarStyleDefault;
				INFOPLIST_KEY_UISupportedInterfaceOrientations = UIInterfaceOrientationLandscapeRight;
				IPHONEOS_DEPLOYMENT_TARGET = 17.0;
				LD_RUNPATH_SEARCH_PATHS = "@executable_path/Frameworks";
				"LD_RUNPATH_SEARCH_PATHS[sdk=macosx*]" = "@executable_path/../Frameworks";
				MACOSX_DEPLOYMENT_TARGET = 13.4;
				MARKETING_VERSION = 1.0;
				PRODUCT_BUNDLE_IDENTIFIER = top.mightycounty.SpriteOne;
				PRODUCT_NAME = "$(TARGET_NAME)";
				PROVISIONING_PROFILE_SPECIFIER = "";
				SDKROOT = auto;
				SUPPORTED_PLATFORMS = "iphoneos iphonesimulator macosx";
				SUPPORTS_MACCATALYST = NO;
				SUPPORTS_MAC_DESIGNED_FOR_IPHONE_IPAD = NO;
				SWIFT_EMIT_LOC_STRINGS = YES;
				SWIFT_VERSION = 5.0;
				TARGETED_DEVICE_FAMILY = "1,2";
			};
			name = Debug;
		};
		E5E2A9902A3C691200B42961 /* Release */ = {
			isa = XCBuildConfiguration;
			buildSettings = {
				ALWAYS_EMBED_SWIFT_STANDARD_LIBRARIES = YES;
				ASSETCATALOG_COMPILER_APPICON_NAME = AppIcon;
				ASSETCATALOG_COMPILER_GLOBAL_ACCENT_COLOR_NAME = AccentColor;
				ASSETCATALOG_COMPILER_INCLUDE_ALL_APPICON_ASSETS = NO;
				CODE_SIGN_ENTITLEMENTS = SpriteOne/SpriteOne.entitlements;
				CODE_SIGN_IDENTITY = "Apple Development";
				CODE_SIGN_STYLE = Automatic;
				CURRENT_PROJECT_VERSION = 1;
				DEVELOPMENT_TEAM = UCV96WLDG4;
				ENABLE_HARDENED_RUNTIME = YES;
				ENABLE_PREVIEWS = YES;
				GENERATE_INFOPLIST_FILE = YES;
				INFOPLIST_KEY_CFBundleDisplayName = SpriteOne;
				INFOPLIST_KEY_LSApplicationCategoryType = "public.app-category.kids-games";
				"INFOPLIST_KEY_UIApplicationSceneManifest_Generation[sdk=iphoneos*]" = YES;
				"INFOPLIST_KEY_UIApplicationSceneManifest_Generation[sdk=iphonesimulator*]" = YES;
				"INFOPLIST_KEY_UIApplicationSupportsIndirectInputEvents[sdk=iphoneos*]" = YES;
				"INFOPLIST_KEY_UIApplicationSupportsIndirectInputEvents[sdk=iphonesimulator*]" = YES;
				"INFOPLIST_KEY_UILaunchScreen_Generation[sdk=iphoneos*]" = YES;
				"INFOPLIST_KEY_UILaunchScreen_Generation[sdk=iphonesimulator*]" = YES;
				INFOPLIST_KEY_UIRequiresFullScreen = YES;
				"INFOPLIST_KEY_UIStatusBarStyle[sdk=iphoneos*]" = UIStatusBarStyleDefault;
				"INFOPLIST_KEY_UIStatusBarStyle[sdk=iphonesimulator*]" = UIStatusBarStyleDefault;
				INFOPLIST_KEY_UISupportedInterfaceOrientations = UIInterfaceOrientationLandscapeRight;
				IPHONEOS_DEPLOYMENT_TARGET = 17.0;
				LD_RUNPATH_SEARCH_PATHS = "@executable_path/Frameworks";
				"LD_RUNPATH_SEARCH_PATHS[sdk=macosx*]" = "@executable_path/../Frameworks";
				MACOSX_DEPLOYMENT_TARGET = 13.4;
				MARKETING_VERSION = 1.0;
				PRODUCT_BUNDLE_IDENTIFIER = top.mightycounty.SpriteOne;
				PRODUCT_NAME = "$(TARGET_NAME)";
				PROVISIONING_PROFILE_SPECIFIER = "";
				SDKROOT = auto;
				SUPPORTED_PLATFORMS = "iphoneos iphonesimulator macosx";
				SUPPORTS_MACCATALYST = NO;
				SUPPORTS_MAC_DESIGNED_FOR_IPHONE_IPAD = NO;
				SWIFT_EMIT_LOC_STRINGS = YES;
				SWIFT_VERSION = 5.0;
				TARGETED_DEVICE_FAMILY = "1,2";
			};
			name = Release;
		};
		E5EC6F832A5ACFB500DCBD8F /* Debug */ = {
			isa = XCBuildConfiguration;
			buildSettings = {
				ASSETCATALOG_COMPILER_APPICON_NAME = AppIcon;
				ASSETCATALOG_COMPILER_GLOBAL_ACCENT_COLOR_NAME = AccentColor;
				CODE_SIGN_STYLE = Automatic;
				CURRENT_PROJECT_VERSION = 1;
				DEVELOPMENT_ASSET_PATHS = "\"SpriteTwo/Preview Content\"";
				DEVELOPMENT_TEAM = UCV96WLDG4;
				ENABLE_PREVIEWS = YES;
				GENERATE_INFOPLIST_FILE = YES;
				INFOPLIST_KEY_UIApplicationSceneManifest_Generation = YES;
				INFOPLIST_KEY_UIApplicationSupportsIndirectInputEvents = YES;
				INFOPLIST_KEY_UILaunchScreen_Generation = YES;
				INFOPLIST_KEY_UISupportedInterfaceOrientations = UIInterfaceOrientationLandscapeRight;
				INFOPLIST_KEY_UISupportedInterfaceOrientations_iPad = "UIInterfaceOrientationLandscapeLeft UIInterfaceOrientationLandscapeRight UIInterfaceOrientationPortrait UIInterfaceOrientationPortraitUpsideDown";
				IPHONEOS_DEPLOYMENT_TARGET = 17.0;
				LD_RUNPATH_SEARCH_PATHS = (
					"$(inherited)",
					"@executable_path/Frameworks",
				);
				MARKETING_VERSION = 1.0;
				PRODUCT_BUNDLE_IDENTIFIER = top.mightycounty.SpriteTwo;
				PRODUCT_NAME = "$(TARGET_NAME)";
				SDKROOT = iphoneos;
				SUPPORTED_PLATFORMS = "iphoneos iphonesimulator";
				SUPPORTS_MACCATALYST = NO;
				SUPPORTS_MAC_DESIGNED_FOR_IPHONE_IPAD = NO;
				SUPPORTS_XR_DESIGNED_FOR_IPHONE_IPAD = NO;
				SWIFT_EMIT_LOC_STRINGS = YES;
				SWIFT_VERSION = 5.0;
				TARGETED_DEVICE_FAMILY = 1;
			};
			name = Debug;
		};
		E5EC6F842A5ACFB500DCBD8F /* Release */ = {
			isa = XCBuildConfiguration;
			buildSettings = {
				ASSETCATALOG_COMPILER_APPICON_NAME = AppIcon;
				ASSETCATALOG_COMPILER_GLOBAL_ACCENT_COLOR_NAME = AccentColor;
				CODE_SIGN_STYLE = Automatic;
				CURRENT_PROJECT_VERSION = 1;
				DEVELOPMENT_ASSET_PATHS = "\"SpriteTwo/Preview Content\"";
				DEVELOPMENT_TEAM = UCV96WLDG4;
				ENABLE_PREVIEWS = YES;
				GENERATE_INFOPLIST_FILE = YES;
				INFOPLIST_KEY_UIApplicationSceneManifest_Generation = YES;
				INFOPLIST_KEY_UIApplicationSupportsIndirectInputEvents = YES;
				INFOPLIST_KEY_UILaunchScreen_Generation = YES;
				INFOPLIST_KEY_UISupportedInterfaceOrientations = UIInterfaceOrientationLandscapeRight;
				INFOPLIST_KEY_UISupportedInterfaceOrientations_iPad = "UIInterfaceOrientationLandscapeLeft UIInterfaceOrientationLandscapeRight UIInterfaceOrientationPortrait UIInterfaceOrientationPortraitUpsideDown";
				IPHONEOS_DEPLOYMENT_TARGET = 17.0;
				LD_RUNPATH_SEARCH_PATHS = (
					"$(inherited)",
					"@executable_path/Frameworks",
				);
				MARKETING_VERSION = 1.0;
				PRODUCT_BUNDLE_IDENTIFIER = top.mightycounty.SpriteTwo;
				PRODUCT_NAME = "$(TARGET_NAME)";
				SDKROOT = iphoneos;
				SUPPORTED_PLATFORMS = "iphoneos iphonesimulator";
				SUPPORTS_MACCATALYST = NO;
				SUPPORTS_MAC_DESIGNED_FOR_IPHONE_IPAD = NO;
				SUPPORTS_XR_DESIGNED_FOR_IPHONE_IPAD = NO;
				SWIFT_EMIT_LOC_STRINGS = YES;
				SWIFT_VERSION = 5.0;
				TARGETED_DEVICE_FAMILY = 1;
				VALIDATE_PRODUCT = YES;
			};
			name = Release;
		};
		E5FFDC762A5B9BD000C9C1DE /* Debug */ = {
			isa = XCBuildConfiguration;
			buildSettings = {
				ASSETCATALOG_COMPILER_APPICON_NAME = AppIcon;
				ASSETCATALOG_COMPILER_GLOBAL_ACCENT_COLOR_NAME = AccentColor;
				CODE_SIGN_STYLE = Automatic;
				CURRENT_PROJECT_VERSION = 1;
				DEVELOPMENT_ASSET_PATHS = "\"SpriteThree/Preview Content\"";
				DEVELOPMENT_TEAM = UCV96WLDG4;
				ENABLE_PREVIEWS = YES;
				GENERATE_INFOPLIST_FILE = YES;
				INFOPLIST_KEY_UIApplicationSceneManifest_Generation = YES;
				INFOPLIST_KEY_UIApplicationSupportsIndirectInputEvents = YES;
				INFOPLIST_KEY_UILaunchScreen_Generation = YES;
				INFOPLIST_KEY_UISupportedInterfaceOrientations = UIInterfaceOrientationLandscapeRight;
				INFOPLIST_KEY_UISupportedInterfaceOrientations_iPad = "UIInterfaceOrientationLandscapeLeft UIInterfaceOrientationLandscapeRight UIInterfaceOrientationPortrait UIInterfaceOrientationPortraitUpsideDown";
				IPHONEOS_DEPLOYMENT_TARGET = 17.0;
				LD_RUNPATH_SEARCH_PATHS = (
					"$(inherited)",
					"@executable_path/Frameworks",
				);
				MARKETING_VERSION = 1.0;
				PRODUCT_BUNDLE_IDENTIFIER = top.mightycounty.SpriteThree;
				PRODUCT_NAME = "$(TARGET_NAME)";
				SDKROOT = iphoneos;
				SUPPORTED_PLATFORMS = "iphoneos iphonesimulator";
				SUPPORTS_MACCATALYST = NO;
				SUPPORTS_MAC_DESIGNED_FOR_IPHONE_IPAD = NO;
				SUPPORTS_XR_DESIGNED_FOR_IPHONE_IPAD = NO;
				SWIFT_EMIT_LOC_STRINGS = YES;
				SWIFT_VERSION = 5.0;
				TARGETED_DEVICE_FAMILY = 1;
			};
			name = Debug;
		};
		E5FFDC772A5B9BD000C9C1DE /* Release */ = {
			isa = XCBuildConfiguration;
			buildSettings = {
				ASSETCATALOG_COMPILER_APPICON_NAME = AppIcon;
				ASSETCATALOG_COMPILER_GLOBAL_ACCENT_COLOR_NAME = AccentColor;
				CODE_SIGN_STYLE = Automatic;
				CURRENT_PROJECT_VERSION = 1;
				DEVELOPMENT_ASSET_PATHS = "\"SpriteThree/Preview Content\"";
				DEVELOPMENT_TEAM = UCV96WLDG4;
				ENABLE_PREVIEWS = YES;
				GENERATE_INFOPLIST_FILE = YES;
				INFOPLIST_KEY_UIApplicationSceneManifest_Generation = YES;
				INFOPLIST_KEY_UIApplicationSupportsIndirectInputEvents = YES;
				INFOPLIST_KEY_UILaunchScreen_Generation = YES;
				INFOPLIST_KEY_UISupportedInterfaceOrientations = UIInterfaceOrientationLandscapeRight;
				INFOPLIST_KEY_UISupportedInterfaceOrientations_iPad = "UIInterfaceOrientationLandscapeLeft UIInterfaceOrientationLandscapeRight UIInterfaceOrientationPortrait UIInterfaceOrientationPortraitUpsideDown";
				IPHONEOS_DEPLOYMENT_TARGET = 17.0;
				LD_RUNPATH_SEARCH_PATHS = (
					"$(inherited)",
					"@executable_path/Frameworks",
				);
				MARKETING_VERSION = 1.0;
				PRODUCT_BUNDLE_IDENTIFIER = top.mightycounty.SpriteThree;
				PRODUCT_NAME = "$(TARGET_NAME)";
				SDKROOT = iphoneos;
				SUPPORTED_PLATFORMS = "iphoneos iphonesimulator";
				SUPPORTS_MACCATALYST = NO;
				SUPPORTS_MAC_DESIGNED_FOR_IPHONE_IPAD = NO;
				SUPPORTS_XR_DESIGNED_FOR_IPHONE_IPAD = NO;
				SWIFT_EMIT_LOC_STRINGS = YES;
				SWIFT_VERSION = 5.0;
				TARGETED_DEVICE_FAMILY = 1;
				VALIDATE_PRODUCT = YES;
			};
			name = Release;
		};
		E5FFDC932A5D417A00C9C1DE /* Debug */ = {
			isa = XCBuildConfiguration;
			buildSettings = {
				ASSETCATALOG_COMPILER_APPICON_NAME = AppIcon;
				ASSETCATALOG_COMPILER_GLOBAL_ACCENT_COLOR_NAME = AccentColor;
				CODE_SIGN_STYLE = Automatic;
				CURRENT_PROJECT_VERSION = 1;
				DEVELOPMENT_ASSET_PATHS = "\"SpriteFour/Preview Content\"";
				DEVELOPMENT_TEAM = UCV96WLDG4;
				ENABLE_PREVIEWS = YES;
				GENERATE_INFOPLIST_FILE = YES;
				INFOPLIST_KEY_UIApplicationSceneManifest_Generation = YES;
				INFOPLIST_KEY_UIApplicationSupportsIndirectInputEvents = YES;
				INFOPLIST_KEY_UILaunchScreen_Generation = YES;
				INFOPLIST_KEY_UISupportedInterfaceOrientations = UIInterfaceOrientationLandscapeRight;
				INFOPLIST_KEY_UISupportedInterfaceOrientations_iPad = "UIInterfaceOrientationLandscapeLeft UIInterfaceOrientationLandscapeRight UIInterfaceOrientationPortrait UIInterfaceOrientationPortraitUpsideDown";
				IPHONEOS_DEPLOYMENT_TARGET = 17.0;
				LD_RUNPATH_SEARCH_PATHS = (
					"$(inherited)",
					"@executable_path/Frameworks",
				);
				MARKETING_VERSION = 1.0;
				PRODUCT_BUNDLE_IDENTIFIER = top.mightycounty.SpriteFour;
				PRODUCT_NAME = "$(TARGET_NAME)";
				SDKROOT = iphoneos;
				SUPPORTED_PLATFORMS = "iphoneos iphonesimulator";
				SUPPORTS_MACCATALYST = NO;
				SUPPORTS_MAC_DESIGNED_FOR_IPHONE_IPAD = NO;
				SUPPORTS_XR_DESIGNED_FOR_IPHONE_IPAD = NO;
				SWIFT_EMIT_LOC_STRINGS = YES;
				SWIFT_VERSION = 5.0;
				TARGETED_DEVICE_FAMILY = 1;
			};
			name = Debug;
		};
		E5FFDC942A5D417A00C9C1DE /* Release */ = {
			isa = XCBuildConfiguration;
			buildSettings = {
				ASSETCATALOG_COMPILER_APPICON_NAME = AppIcon;
				ASSETCATALOG_COMPILER_GLOBAL_ACCENT_COLOR_NAME = AccentColor;
				CODE_SIGN_STYLE = Automatic;
				CURRENT_PROJECT_VERSION = 1;
				DEVELOPMENT_ASSET_PATHS = "\"SpriteFour/Preview Content\"";
				DEVELOPMENT_TEAM = UCV96WLDG4;
				ENABLE_PREVIEWS = YES;
				GENERATE_INFOPLIST_FILE = YES;
				INFOPLIST_KEY_UIApplicationSceneManifest_Generation = YES;
				INFOPLIST_KEY_UIApplicationSupportsIndirectInputEvents = YES;
				INFOPLIST_KEY_UILaunchScreen_Generation = YES;
				INFOPLIST_KEY_UISupportedInterfaceOrientations = UIInterfaceOrientationLandscapeRight;
				INFOPLIST_KEY_UISupportedInterfaceOrientations_iPad = "UIInterfaceOrientationLandscapeLeft UIInterfaceOrientationLandscapeRight UIInterfaceOrientationPortrait UIInterfaceOrientationPortraitUpsideDown";
				IPHONEOS_DEPLOYMENT_TARGET = 17.0;
				LD_RUNPATH_SEARCH_PATHS = (
					"$(inherited)",
					"@executable_path/Frameworks",
				);
				MARKETING_VERSION = 1.0;
				PRODUCT_BUNDLE_IDENTIFIER = top.mightycounty.SpriteFour;
				PRODUCT_NAME = "$(TARGET_NAME)";
				SDKROOT = iphoneos;
				SUPPORTED_PLATFORMS = "iphoneos iphonesimulator";
				SUPPORTS_MACCATALYST = NO;
				SUPPORTS_MAC_DESIGNED_FOR_IPHONE_IPAD = NO;
				SUPPORTS_XR_DESIGNED_FOR_IPHONE_IPAD = NO;
				SWIFT_EMIT_LOC_STRINGS = YES;
				SWIFT_VERSION = 5.0;
				TARGETED_DEVICE_FAMILY = 1;
				VALIDATE_PRODUCT = YES;
			};
			name = Release;
		};
/* End XCBuildConfiguration section */

/* Begin XCConfigurationList section */
		E5354E232A5721130049B870 /* Build configuration list for PBXNativeTarget "animation0" */ = {
			isa = XCConfigurationList;
			buildConfigurations = (
				E5354E212A5721130049B870 /* Debug */,
				E5354E222A5721130049B870 /* Release */,
			);
			defaultConfigurationIsVisible = 0;
			defaultConfigurationName = Release;
		};
		E5AD0F742A4DDB8000A14FE2 /* Build configuration list for PBXNativeTarget "SpriteOneW Watch App" */ = {
			isa = XCConfigurationList;
			buildConfigurations = (
				E5AD0F722A4DDB8000A14FE2 /* Debug */,
				E5AD0F732A4DDB8000A14FE2 /* Release */,
			);
			defaultConfigurationIsVisible = 0;
			defaultConfigurationName = Release;
		};
		E5E2A97A2A3C691200B42961 /* Build configuration list for PBXProject "SpriteOne" */ = {
			isa = XCConfigurationList;
			buildConfigurations = (
				E5E2A98C2A3C691200B42961 /* Debug */,
				E5E2A98D2A3C691200B42961 /* Release */,
			);
			defaultConfigurationIsVisible = 0;
			defaultConfigurationName = Release;
		};
		E5E2A98E2A3C691200B42961 /* Build configuration list for PBXNativeTarget "SpriteOne" */ = {
			isa = XCConfigurationList;
			buildConfigurations = (
				E5E2A98F2A3C691200B42961 /* Debug */,
				E5E2A9902A3C691200B42961 /* Release */,
			);
			defaultConfigurationIsVisible = 0;
			defaultConfigurationName = Release;
		};
		E5EC6F852A5ACFB500DCBD8F /* Build configuration list for PBXNativeTarget "SpriteTwo" */ = {
			isa = XCConfigurationList;
			buildConfigurations = (
				E5EC6F832A5ACFB500DCBD8F /* Debug */,
				E5EC6F842A5ACFB500DCBD8F /* Release */,
			);
			defaultConfigurationIsVisible = 0;
			defaultConfigurationName = Release;
		};
		E5FFDC782A5B9BD000C9C1DE /* Build configuration list for PBXNativeTarget "SpriteThree" */ = {
			isa = XCConfigurationList;
			buildConfigurations = (
				E5FFDC762A5B9BD000C9C1DE /* Debug */,
				E5FFDC772A5B9BD000C9C1DE /* Release */,
			);
			defaultConfigurationIsVisible = 0;
			defaultConfigurationName = Release;
		};
		E5FFDC922A5D417A00C9C1DE /* Build configuration list for PBXNativeTarget "SpriteFour" */ = {
			isa = XCConfigurationList;
			buildConfigurations = (
				E5FFDC932A5D417A00C9C1DE /* Debug */,
				E5FFDC942A5D417A00C9C1DE /* Release */,
			);
			defaultConfigurationIsVisible = 0;
			defaultConfigurationName = Release;
		};
/* End XCConfigurationList section */
	};
	rootObject = E5E2A9772A3C691200B42961 /* Project object */;
}
